// !$*UTF8*$!
{
	archiveVersion = 1;
	classes = {
	};
	objectVersion = 56;
	objects = {

/* Begin PBXBuildFile section */
		9D96FAB22ADA96B200C9E2BF /* comp319a1App.swift in Sources */ = {isa = PBXBuildFile; fileRef = 9D96FAB12ADA96B200C9E2BF /* comp319a1App.swift */; };
		9D96FAB42ADA96B200C9E2BF /* ContentView.swift in Sources */ = {isa = PBXBuildFile; fileRef = 9D96FAB32ADA96B200C9E2BF /* ContentView.swift */; };
		9D96FAB62ADA96B400C9E2BF /* Assets.xcassets in Resources */ = {isa = PBXBuildFile; fileRef = 9D96FAB52ADA96B400C9E2BF /* Assets.xcassets */; };
		9D96FAB92ADA96B400C9E2BF /* Preview Assets.xcassets in Resources */ = {isa = PBXBuildFile; fileRef = 9D96FAB82ADA96B400C9E2BF /* Preview Assets.xcassets */; };
		9D96FAC32ADA96B500C9E2BF /* comp319a1Tests.swift in Sources */ = {isa = PBXBuildFile; fileRef = 9D96FAC22ADA96B500C9E2BF /* comp319a1Tests.swift */; };
		9D96FACD2ADA96B500C9E2BF /* comp319a1UITests.swift in Sources */ = {isa = PBXBuildFile; fileRef = 9D96FACC2ADA96B500C9E2BF /* comp319a1UITests.swift */; };
		9D96FACF2ADA96B500C9E2BF /* comp319a1UITestsLaunchTests.swift in Sources */ = {isa = PBXBuildFile; fileRef = 9D96FACE2ADA96B500C9E2BF /* comp319a1UITestsLaunchTests.swift */; };
/* End PBXBuildFile section */

/* Begin PBXContainerItemProxy section */
		9D96FABF2ADA96B500C9E2BF /* PBXContainerItemProxy */ = {
			isa = PBXContainerItemProxy;
			containerPortal = 9D96FAA62ADA96B100C9E2BF /* Project object */;
			proxyType = 1;
			remoteGlobalIDString = 9D96FAAD2ADA96B100C9E2BF;
			remoteInfo = comp319a1;
		};
		9D96FAC92ADA96B500C9E2BF /* PBXContainerItemProxy */ = {
			isa = PBXContainerItemProxy;
			containerPortal = 9D96FAA62ADA96B100C9E2BF /* Project object */;
			proxyType = 1;
			remoteGlobalIDString = 9D96FAAD2ADA96B100C9E2BF;
			remoteInfo = comp319a1;
		};
/* End PBXContainerItemProxy section */

/* Begin PBXFileReference section */
		9D96FAAE2ADA96B100C9E2BF /* comp319a1.app */ = {isa = PBXFileReference; explicitFileType = wrapper.application; includeInIndex = 0; path = comp319a1.app; sourceTree = BUILT_PRODUCTS_DIR; };
		9D96FAB12ADA96B200C9E2BF /* comp319a1App.swift */ = {isa = PBXFileReference; lastKnownFileType = sourcecode.swift; path = comp319a1App.swift; sourceTree = "<group>"; };
		9D96FAB32ADA96B200C9E2BF /* ContentView.swift */ = {isa = PBXFileReference; lastKnownFileType = sourcecode.swift; path = ContentView.swift; sourceTree = "<group>"; };
		9D96FAB52ADA96B400C9E2BF /* Assets.xcassets */ = {isa = PBXFileReference; lastKnownFileType = folder.assetcatalog; path = Assets.xcassets; sourceTree = "<group>"; };
		9D96FAB82ADA96B400C9E2BF /* Preview Assets.xcassets */ = {isa = PBXFileReference; lastKnownFileType = folder.assetcatalog; path = "Preview Assets.xcassets"; sourceTree = "<group>"; };
		9D96FABE2ADA96B500C9E2BF /* comp319a1Tests.xctest */ = {isa = PBXFileReference; explicitFileType = wrapper.cfbundle; includeInIndex = 0; path = comp319a1Tests.xctest; sourceTree = BUILT_PRODUCTS_DIR; };
		9D96FAC22ADA96B500C9E2BF /* comp319a1Tests.swift */ = {isa = PBXFileReference; lastKnownFileType = sourcecode.swift; path = comp319a1Tests.swift; sourceTree = "<group>"; };
		9D96FAC82ADA96B500C9E2BF /* comp319a1UITests.xctest */ = {isa = PBXFileReference; explicitFileType = wrapper.cfbundle; includeInIndex = 0; path = comp319a1UITests.xctest; sourceTree = BUILT_PRODUCTS_DIR; };
		9D96FACC2ADA96B500C9E2BF /* comp319a1UITests.swift */ = {isa = PBXFileReference; lastKnownFileType = sourcecode.swift; path = comp319a1UITests.swift; sourceTree = "<group>"; };
		9D96FACE2ADA96B500C9E2BF /* comp319a1UITestsLaunchTests.swift */ = {isa = PBXFileReference; lastKnownFileType = sourcecode.swift; path = comp319a1UITestsLaunchTests.swift; sourceTree = "<group>"; };
/* End PBXFileReference section */

/* Begin PBXFrameworksBuildPhase section */
		9D96FAAB2ADA96B100C9E2BF /* Frameworks */ = {
			isa = PBXFrameworksBuildPhase;
			buildActionMask = 2147483647;
			files = (
			);
			runOnlyForDeploymentPostprocessing = 0;
		};
		9D96FABB2ADA96B500C9E2BF /* Frameworks */ = {
			isa = PBXFrameworksBuildPhase;
			buildActionMask = 2147483647;
			files = (
			);
			runOnlyForDeploymentPostprocessing = 0;
		};
		9D96FAC52ADA96B500C9E2BF /* Frameworks */ = {
			isa = PBXFrameworksBuildPhase;
			buildActionMask = 2147483647;
			files = (
			);
			runOnlyForDeploymentPostprocessing = 0;
		};
/* End PBXFrameworksBuildPhase section */

/* Begin PBXGroup section */
		9D96FAA52ADA96B100C9E2BF = {
			isa = PBXGroup;
			children = (
				9D96FAB02ADA96B100C9E2BF /* comp319a1 */,
				9D96FAC12ADA96B500C9E2BF /* comp319a1Tests */,
				9D96FACB2ADA96B500C9E2BF /* comp319a1UITests */,
				9D96FAAF2ADA96B100C9E2BF /* Products */,
			);
			sourceTree = "<group>";
		};
		9D96FAAF2ADA96B100C9E2BF /* Products */ = {
			isa = PBXGroup;
			children = (
				9D96FAAE2ADA96B100C9E2BF /* comp319a1.app */,
				9D96FABE2ADA96B500C9E2BF /* comp319a1Tests.xctest */,
				9D96FAC82ADA96B500C9E2BF /* comp319a1UITests.xctest */,
			);
			name = Products;
			sourceTree = "<group>";
		};
		9D96FAB02ADA96B100C9E2BF /* comp319a1 */ = {
			isa = PBXGroup;
			children = (
				9D96FAB12ADA96B200C9E2BF /* comp319a1App.swift */,
				9D96FAB32ADA96B200C9E2BF /* ContentView.swift */,
				9D96FAB52ADA96B400C9E2BF /* Assets.xcassets */,
				9D96FAB72ADA96B400C9E2BF /* Preview Content */,
			);
			path = comp319a1;
			sourceTree = "<group>";
		};
		9D96FAB72ADA96B400C9E2BF /* Preview Content */ = {
			isa = PBXGroup;
			children = (
				9D96FAB82ADA96B400C9E2BF /* Preview Assets.xcassets */,
			);
			path = "Preview Content";
			sourceTree = "<group>";
		};
		9D96FAC12ADA96B500C9E2BF /* comp319a1Tests */ = {
			isa = PBXGroup;
			children = (
				9D96FAC22ADA96B500C9E2BF /* comp319a1Tests.swift */,
			);
			path = comp319a1Tests;
			sourceTree = "<group>";
		};
		9D96FACB2ADA96B500C9E2BF /* comp319a1UITests */ = {
			isa = PBXGroup;
			children = (
				9D96FACC2ADA96B500C9E2BF /* comp319a1UITests.swift */,
				9D96FACE2ADA96B500C9E2BF /* comp319a1UITestsLaunchTests.swift */,
			);
			path = comp319a1UITests;
			sourceTree = "<group>";
		};
/* End PBXGroup section */

/* Begin PBXNativeTarget section */
		9D96FAAD2ADA96B100C9E2BF /* comp319a1 */ = {
			isa = PBXNativeTarget;
			buildConfigurationList = 9D96FAD22ADA96B500C9E2BF /* Build configuration list for PBXNativeTarget "comp319a1" */;
			buildPhases = (
				9D96FAAA2ADA96B100C9E2BF /* Sources */,
				9D96FAAB2ADA96B100C9E2BF /* Frameworks */,
				9D96FAAC2ADA96B100C9E2BF /* Resources */,
			);
			buildRules = (
			);
			dependencies = (
			);
			name = comp319a1;
			productName = comp319a1;
			productReference = 9D96FAAE2ADA96B100C9E2BF /* comp319a1.app */;
			productType = "com.apple.product-type.application";
		};
		9D96FABD2ADA96B500C9E2BF /* comp319a1Tests */ = {
			isa = PBXNativeTarget;
			buildConfigurationList = 9D96FAD52ADA96B500C9E2BF /* Build configuration list for PBXNativeTarget "comp319a1Tests" */;
			buildPhases = (
				9D96FABA2ADA96B500C9E2BF /* Sources */,
				9D96FABB2ADA96B500C9E2BF /* Frameworks */,
				9D96FABC2ADA96B500C9E2BF /* Resources */,
			);
			buildRules = (
			);
			dependencies = (
				9D96FAC02ADA96B500C9E2BF /* PBXTargetDependency */,
			);
			name = comp319a1Tests;
			productName = comp319a1Tests;
			productReference = 9D96FABE2ADA96B500C9E2BF /* comp319a1Tests.xctest */;
			productType = "com.apple.product-type.bundle.unit-test";
		};
		9D96FAC72ADA96B500C9E2BF /* comp319a1UITests */ = {
			isa = PBXNativeTarget;
			buildConfigurationList = 9D96FAD82ADA96B500C9E2BF /* Build configuration list for PBXNativeTarget "comp319a1UITests" */;
			buildPhases = (
				9D96FAC42ADA96B500C9E2BF /* Sources */,
				9D96FAC52ADA96B500C9E2BF /* Frameworks */,
				9D96FAC62ADA96B500C9E2BF /* Resources */,
			);
			buildRules = (
			);
			dependencies = (
				9D96FACA2ADA96B500C9E2BF /* PBXTargetDependency */,
			);
			name = comp319a1UITests;
			productName = comp319a1UITests;
			productReference = 9D96FAC82ADA96B500C9E2BF /* comp319a1UITests.xctest */;
			productType = "com.apple.product-type.bundle.ui-testing";
		};
/* End PBXNativeTarget section */

/* Begin PBXProject section */
		9D96FAA62ADA96B100C9E2BF /* Project object */ = {
			isa = PBXProject;
			attributes = {
				BuildIndependentTargetsInParallel = 1;
				LastSwiftUpdateCheck = 1500;
				LastUpgradeCheck = 1500;
				TargetAttributes = {
					9D96FAAD2ADA96B100C9E2BF = {
						CreatedOnToolsVersion = 15.0;
					};
					9D96FABD2ADA96B500C9E2BF = {
						CreatedOnToolsVersion = 15.0;
						TestTargetID = 9D96FAAD2ADA96B100C9E2BF;
					};
					9D96FAC72ADA96B500C9E2BF = {
						CreatedOnToolsVersion = 15.0;
						TestTargetID = 9D96FAAD2ADA96B100C9E2BF;
					};
				};
			};
			buildConfigurationList = 9D96FAA92ADA96B100C9E2BF /* Build configuration list for PBXProject "comp319a1" */;
			compatibilityVersion = "Xcode 14.0";
			developmentRegion = en;
			hasScannedForEncodings = 0;
			knownRegions = (
				en,
				Base,
			);
			mainGroup = 9D96FAA52ADA96B100C9E2BF;
			productRefGroup = 9D96FAAF2ADA96B100C9E2BF /* Products */;
			projectDirPath = "";
			projectRoot = "";
			targets = (
				9D96FAAD2ADA96B100C9E2BF /* comp319a1 */,
				9D96FABD2ADA96B500C9E2BF /* comp319a1Tests */,
				9D96FAC72ADA96B500C9E2BF /* comp319a1UITests */,
			);
		};
/* End PBXProject section */

/* Begin PBXResourcesBuildPhase section */
		9D96FAAC2ADA96B100C9E2BF /* Resources */ = {
			isa = PBXResourcesBuildPhase;
			buildActionMask = 2147483647;
			files = (
				9D96FAB92ADA96B400C9E2BF /* Preview Assets.xcassets in Resources */,
				9D96FAB62ADA96B400C9E2BF /* Assets.xcassets in Resources */,
			);
			runOnlyForDeploymentPostprocessing = 0;
		};
		9D96FABC2ADA96B500C9E2BF /* Resources */ = {
			isa = PBXResourcesBuildPhase;
			buildActionMask = 2147483647;
			files = (
			);
			runOnlyForDeploymentPostprocessing = 0;
		};
		9D96FAC62ADA96B500C9E2BF /* Resources */ = {
			isa = PBXResourcesBuildPhase;
			buildActionMask = 2147483647;
			files = (
			);
			runOnlyForDeploymentPostprocessing = 0;
		};
/* End PBXResourcesBuildPhase section */

/* Begin PBXSourcesBuildPhase section */
		9D96FAAA2ADA96B100C9E2BF /* Sources */ = {
			isa = PBXSourcesBuildPhase;
			buildActionMask = 2147483647;
			files = (
				9D96FAB42ADA96B200C9E2BF /* ContentView.swift in Sources */,
				9D96FAB22ADA96B200C9E2BF /* comp319a1App.swift in Sources */,
			);
			runOnlyForDeploymentPostprocessing = 0;
		};
		9D96FABA2ADA96B500C9E2BF /* Sources */ = {
			isa = PBXSourcesBuildPhase;
			buildActionMask = 2147483647;
			files = (
				9D96FAC32ADA96B500C9E2BF /* comp319a1Tests.swift in Sources */,
			);
			runOnlyForDeploymentPostprocessing = 0;
		};
		9D96FAC42ADA96B500C9E2BF /* Sources */ = {
			isa = PBXSourcesBuildPhase;
			buildActionMask = 2147483647;
			files = (
				9D96FACD2ADA96B500C9E2BF /* comp319a1UITests.swift in Sources */,
				9D96FACF2ADA96B500C9E2BF /* comp319a1UITestsLaunchTests.swift in Sources */,
			);
			runOnlyForDeploymentPostprocessing = 0;
		};
/* End PBXSourcesBuildPhase section */

/* Begin PBXTargetDependency section */
		9D96FAC02ADA96B500C9E2BF /* PBXTargetDependency */ = {
			isa = PBXTargetDependency;
			target = 9D96FAAD2ADA96B100C9E2BF /* comp319a1 */;
			targetProxy = 9D96FABF2ADA96B500C9E2BF /* PBXContainerItemProxy */;
		};
		9D96FACA2ADA96B500C9E2BF /* PBXTargetDependency */ = {
			isa = PBXTargetDependency;
			target = 9D96FAAD2ADA96B100C9E2BF /* comp319a1 */;
			targetProxy = 9D96FAC92ADA96B500C9E2BF /* PBXContainerItemProxy */;
		};
/* End PBXTargetDependency section */

/* Begin XCBuildConfiguration section */
		9D96FAD02ADA96B500C9E2BF /* Debug */ = {
			isa = XCBuildConfiguration;
			buildSettings = {
				ALWAYS_SEARCH_USER_PATHS = NO;
				ASSETCATALOG_COMPILER_GENERATE_SWIFT_ASSET_SYMBOL_EXTENSIONS = YES;
				CLANG_ANALYZER_NONNULL = YES;
				CLANG_ANALYZER_NUMBER_OBJECT_CONVERSION = YES_AGGRESSIVE;
				CLANG_CXX_LANGUAGE_STANDARD = "gnu++20";
				CLANG_ENABLE_MODULES = YES;
				CLANG_ENABLE_OBJC_ARC = YES;
				CLANG_ENABLE_OBJC_WEAK = YES;
				CLANG_WARN_BLOCK_CAPTURE_AUTORELEASING = YES;
				CLANG_WARN_BOOL_CONVERSION = YES;
				CLANG_WARN_COMMA = YES;
				CLANG_WARN_CONSTANT_CONVERSION = YES;
				CLANG_WARN_DEPRECATED_OBJC_IMPLEMENTATIONS = YES;
				CLANG_WARN_DIRECT_OBJC_ISA_USAGE = YES_ERROR;
				CLANG_WARN_DOCUMENTATION_COMMENTS = YES;
				CLANG_WARN_EMPTY_BODY = YES;
				CLANG_WARN_ENUM_CONVERSION = YES;
				CLANG_WARN_INFINITE_RECURSION = YES;
				CLANG_WARN_INT_CONVERSION = YES;
				CLANG_WARN_NON_LITERAL_NULL_CONVERSION = YES;
				CLANG_WARN_OBJC_IMPLICIT_RETAIN_SELF = YES;
				CLANG_WARN_OBJC_LITERAL_CONVERSION = YES;
				CLANG_WARN_OBJC_ROOT_CLASS = YES_ERROR;
				CLANG_WARN_QUOTED_INCLUDE_IN_FRAMEWORK_HEADER = YES;
				CLANG_WARN_RANGE_LOOP_ANALYSIS = YES;
				CLANG_WARN_STRICT_PROTOTYPES = YES;
				CLANG_WARN_SUSPICIOUS_MOVE = YES;
				CLANG_WARN_UNGUARDED_AVAILABILITY = YES_AGGRESSIVE;
				CLANG_WARN_UNREACHABLE_CODE = YES;
				CLANG_WARN__DUPLICATE_METHOD_MATCH = YES;
				COPY_PHASE_STRIP = NO;
				DEBUG_INFORMATION_FORMAT = dwarf;
				ENABLE_STRICT_OBJC_MSGSEND = YES;
				ENABLE_TESTABILITY = YES;
				ENABLE_USER_SCRIPT_SANDBOXING = YES;
				GCC_C_LANGUAGE_STANDARD = gnu17;
				GCC_DYNAMIC_NO_PIC = NO;
				GCC_NO_COMMON_BLOCKS = YES;
				GCC_OPTIMIZATION_LEVEL = 0;
				GCC_PREPROCESSOR_DEFINITIONS = (
					"DEBUG=1",
					"$(inherited)",
				);
				GCC_WARN_64_TO_32_BIT_CONVERSION = YES;
				GCC_WARN_ABOUT_RETURN_TYPE = YES_ERROR;
				GCC_WARN_UNDECLARED_SELECTOR = YES;
				GCC_WARN_UNINITIALIZED_AUTOS = YES_AGGRESSIVE;
				GCC_WARN_UNUSED_FUNCTION = YES;
				GCC_WARN_UNUSED_VARIABLE = YES;
				IPHONEOS_DEPLOYMENT_TARGET = 17.0;
				LOCALIZATION_PREFERS_STRING_CATALOGS = YES;
				MTL_ENABLE_DEBUG_INFO = INCLUDE_SOURCE;
				MTL_FAST_MATH = YES;
				ONLY_ACTIVE_ARCH = YES;
				SDKROOT = iphoneos;
				SWIFT_ACTIVE_COMPILATION_CONDITIONS = "DEBUG $(inherited)";
				SWIFT_OPTIMIZATION_LEVEL = "-Onone";
			};
			name = Debug;
		};
		9D96FAD12ADA96B500C9E2BF /* Release */ = {
			isa = XCBuildConfiguration;
			buildSettings = {
				ALWAYS_SEARCH_USER_PATHS = NO;
				ASSETCATALOG_COMPILER_GENERATE_SWIFT_ASSET_SYMBOL_EXTENSIONS = YES;
				CLANG_ANALYZER_NONNULL = YES;
				CLANG_ANALYZER_NUMBER_OBJECT_CONVERSION = YES_AGGRESSIVE;
				CLANG_CXX_LANGUAGE_STANDARD = "gnu++20";
				CLANG_ENABLE_MODULES = YES;
				CLANG_ENABLE_OBJC_ARC = YES;
				CLANG_ENABLE_OBJC_WEAK = YES;
				CLANG_WARN_BLOCK_CAPTURE_AUTORELEASING = YES;
				CLANG_WARN_BOOL_CONVERSION = YES;
				CLANG_WARN_COMMA = YES;
				CLANG_WARN_CONSTANT_CONVERSION = YES;
				CLANG_WARN_DEPRECATED_OBJC_IMPLEMENTATIONS = YES;
				CLANG_WARN_DIRECT_OBJC_ISA_USAGE = YES_ERROR;
				CLANG_WARN_DOCUMENTATION_COMMENTS = YES;
				CLANG_WARN_EMPTY_BODY = YES;
				CLANG_WARN_ENUM_CONVERSION = YES;
				CLANG_WARN_INFINITE_RECURSION = YES;
				CLANG_WARN_INT_CONVERSION = YES;
				CLANG_WARN_NON_LITERAL_NULL_CONVERSION = YES;
				CLANG_WARN_OBJC_IMPLICIT_RETAIN_SELF = YES;
				CLANG_WARN_OBJC_LITERAL_CONVERSION = YES;
				CLANG_WARN_OBJC_ROOT_CLASS = YES_ERROR;
				CLANG_WARN_QUOTED_INCLUDE_IN_FRAMEWORK_HEADER = YES;
				CLANG_WARN_RANGE_LOOP_ANALYSIS = YES;
				CLANG_WARN_STRICT_PROTOTYPES = YES;
				CLANG_WARN_SUSPICIOUS_MOVE = YES;
				CLANG_WARN_UNGUARDED_AVAILABILITY = YES_AGGRESSIVE;
				CLANG_WARN_UNREACHABLE_CODE = YES;
				CLANG_WARN__DUPLICATE_METHOD_MATCH = YES;
				COPY_PHASE_STRIP = NO;
				DEBUG_INFORMATION_FORMAT = "dwarf-with-dsym";
				ENABLE_NS_ASSERTIONS = NO;
				ENABLE_STRICT_OBJC_MSGSEND = YES;
				ENABLE_USER_SCRIPT_SANDBOXING = YES;
				GCC_C_LANGUAGE_STANDARD = gnu17;
				GCC_NO_COMMON_BLOCKS = YES;
				GCC_WARN_64_TO_32_BIT_CONVERSION = YES;
				GCC_WARN_ABOUT_RETURN_TYPE = YES_ERROR;
				GCC_WARN_UNDECLARED_SELECTOR = YES;
				GCC_WARN_UNINITIALIZED_AUTOS = YES_AGGRESSIVE;
				GCC_WARN_UNUSED_FUNCTION = YES;
				GCC_WARN_UNUSED_VARIABLE = YES;
				IPHONEOS_DEPLOYMENT_TARGET = 17.0;
				LOCALIZATION_PREFERS_STRING_CATALOGS = YES;
				MTL_ENABLE_DEBUG_INFO = NO;
				MTL_FAST_MATH = YES;
				SDKROOT = iphoneos;
				SWIFT_COMPILATION_MODE = wholemodule;
				VALIDATE_PRODUCT = YES;
			};
			name = Release;
		};
		9D96FAD32ADA96B500C9E2BF /* Debug */ = {
			isa = XCBuildConfiguration;
			buildSettings = {
				ASSETCATALOG_COMPILER_APPICON_NAME = AppIcon;
				ASSETCATALOG_COMPILER_GLOBAL_ACCENT_COLOR_NAME = AccentColor;
				CODE_SIGN_STYLE = Automatic;
				CURRENT_PROJECT_VERSION = 1;
				DEVELOPMENT_ASSET_PATHS = "\"comp319a1/Preview Content\"";
				ENABLE_PREVIEWS = YES;
				GENERATE_INFOPLIST_FILE = YES;
				INFOPLIST_KEY_UIApplicationSceneManifest_Generation = YES;
				INFOPLIST_KEY_UIApplicationSupportsIndirectInputEvents = YES;
				INFOPLIST_KEY_UILaunchScreen_Generation = YES;
				INFOPLIST_KEY_UISupportedInterfaceOrientations_iPad = "UIInterfaceOrientationPortrait UIInterfaceOrientationPortraitUpsideDown UIInterfaceOrientationLandscapeLeft UIInterfaceOrientationLandscapeRight";
				INFOPLIST_KEY_UISupportedInterfaceOrientations_iPhone = "UIInterfaceOrientationPortrait UIInterfaceOrientationLandscapeLeft UIInterfaceOrientationLandscapeRight";
				LD_RUNPATH_SEARCH_PATHS = (
					"$(inherited)",
					"@executable_path/Frameworks",
				);
				MARKETING_VERSION = 1.0;
				PRODUCT_BUNDLE_IDENTIFIER = "emir-fatih.comp319a1";
				PRODUCT_NAME = "$(TARGET_NAME)";
				SWIFT_EMIT_LOC_STRINGS = YES;
				SWIFT_VERSION = 5.0;
				TARGETED_DEVICE_FAMILY = "1,2";
			};
			name = Debug;
		};
		9D96FAD42ADA96B500C9E2BF /* Release */ = {
			isa = XCBuildConfiguration;
			buildSettings = {
				ASSETCATALOG_COMPILER_APPICON_NAME = AppIcon;
				ASSETCATALOG_COMPILER_GLOBAL_ACCENT_COLOR_NAME = AccentColor;
				CODE_SIGN_STYLE = Automatic;
				CURRENT_PROJECT_VERSION = 1;
				DEVELOPMENT_ASSET_PATHS = "\"comp319a1/Preview Content\"";
				ENABLE_PREVIEWS = YES;
				GENERATE_INFOPLIST_FILE = YES;
				INFOPLIST_KEY_UIApplicationSceneManifest_Generation = YES;
				INFOPLIST_KEY_UIApplicationSupportsIndirectInputEvents = YES;
				INFOPLIST_KEY_UILaunchScreen_Generation = YES;
				INFOPLIST_KEY_UISupportedInterfaceOrientations_iPad = "UIInterfaceOrientationPortrait UIInterfaceOrientationPortraitUpsideDown UIInterfaceOrientationLandscapeLeft UIInterfaceOrientationLandscapeRight";
				INFOPLIST_KEY_UISupportedInterfaceOrientations_iPhone = "UIInterfaceOrientationPortrait UIInterfaceOrientationLandscapeLeft UIInterfaceOrientationLandscapeRight";
				LD_RUNPATH_SEARCH_PATHS = (
					"$(inherited)",
					"@executable_path/Frameworks",
				);
				MARKETING_VERSION = 1.0;
				PRODUCT_BUNDLE_IDENTIFIER = "emir-fatih.comp319a1";
				PRODUCT_NAME = "$(TARGET_NAME)";
				SWIFT_EMIT_LOC_STRINGS = YES;
				SWIFT_VERSION = 5.0;
				TARGETED_DEVICE_FAMILY = "1,2";
			};
			name = Release;
		};
		9D96FAD62ADA96B500C9E2BF /* Debug */ = {
			isa = XCBuildConfiguration;
			buildSettings = {
				ALWAYS_EMBED_SWIFT_STANDARD_LIBRARIES = YES;
				BUNDLE_LOADER = "$(TEST_HOST)";
				CODE_SIGN_STYLE = Automatic;
				CURRENT_PROJECT_VERSION = 1;
				GENERATE_INFOPLIST_FILE = YES;
				IPHONEOS_DEPLOYMENT_TARGET = 17.0;
				MARKETING_VERSION = 1.0;
				PRODUCT_BUNDLE_IDENTIFIER = "emir-fatih.comp319a1Tests";
				PRODUCT_NAME = "$(TARGET_NAME)";
				SWIFT_EMIT_LOC_STRINGS = NO;
				SWIFT_VERSION = 5.0;
				TARGETED_DEVICE_FAMILY = "1,2";
				TEST_HOST = "$(BUILT_PRODUCTS_DIR)/comp319a1.app/$(BUNDLE_EXECUTABLE_FOLDER_PATH)/comp319a1";
			};
			name = Debug;
		};
		9D96FAD72ADA96B500C9E2BF /* Release */ = {
			isa = XCBuildConfiguration;
			buildSettings = {
				ALWAYS_EMBED_SWIFT_STANDARD_LIBRARIES = YES;
				BUNDLE_LOADER = "$(TEST_HOST)";
				CODE_SIGN_STYLE = Automatic;
				CURRENT_PROJECT_VERSION = 1;
				GENERATE_INFOPLIST_FILE = YES;
				IPHONEOS_DEPLOYMENT_TARGET = 17.0;
				MARKETING_VERSION = 1.0;
				PRODUCT_BUNDLE_IDENTIFIER = "emir-fatih.comp319a1Tests";
				PRODUCT_NAME = "$(TARGET_NAME)";
				SWIFT_EMIT_LOC_STRINGS = NO;
				SWIFT_VERSION = 5.0;
				TARGETED_DEVICE_FAMILY = "1,2";
				TEST_HOST = "$(BUILT_PRODUCTS_DIR)/comp319a1.app/$(BUNDLE_EXECUTABLE_FOLDER_PATH)/comp319a1";
			};
			name = Release;
		};
		9D96FAD92ADA96B500C9E2BF /* Debug */ = {
			isa = XCBuildConfiguration;
			buildSettings = {
				ALWAYS_EMBED_SWIFT_STANDARD_LIBRARIES = YES;
				CODE_SIGN_STYLE = Automatic;
				CURRENT_PROJECT_VERSION = 1;
				GENERATE_INFOPLIST_FILE = YES;
				MARKETING_VERSION = 1.0;
				PRODUCT_BUNDLE_IDENTIFIER = "emir-fatih.comp319a1UITests";
				PRODUCT_NAME = "$(TARGET_NAME)";
				SWIFT_EMIT_LOC_STRINGS = NO;
				SWIFT_VERSION = 5.0;
				TARGETED_DEVICE_FAMILY = "1,2";
				TEST_TARGET_NAME = comp319a1;
			};
			name = Debug;
		};
		9D96FADA2ADA96B500C9E2BF /* Release */ = {
			isa = XCBuildConfiguration;
			buildSettings = {
				ALWAYS_EMBED_SWIFT_STANDARD_LIBRARIES = YES;
				CODE_SIGN_STYLE = Automatic;
				CURRENT_PROJECT_VERSION = 1;
				GENERATE_INFOPLIST_FILE = YES;
				MARKETING_VERSION = 1.0;
				PRODUCT_BUNDLE_IDENTIFIER = "emir-fatih.comp319a1UITests";
				PRODUCT_NAME = "$(TARGET_NAME)";
				SWIFT_EMIT_LOC_STRINGS = NO;
				SWIFT_VERSION = 5.0;
				TARGETED_DEVICE_FAMILY = "1,2";
				TEST_TARGET_NAME = comp319a1;
			};
			name = Release;
		};
/* End XCBuildConfiguration section */

/* Begin XCConfigurationList section */
		9D96FAA92ADA96B100C9E2BF /* Build configuration list for PBXProject "comp319a1" */ = {
			isa = XCConfigurationList;
			buildConfigurations = (
				9D96FAD02ADA96B500C9E2BF /* Debug */,
				9D96FAD12ADA96B500C9E2BF /* Release */,
			);
			defaultConfigurationIsVisible = 0;
			defaultConfigurationName = Release;
		};
		9D96FAD22ADA96B500C9E2BF /* Build configuration list for PBXNativeTarget "comp319a1" */ = {
			isa = XCConfigurationList;
			buildConfigurations = (
				9D96FAD32ADA96B500C9E2BF /* Debug */,
				9D96FAD42ADA96B500C9E2BF /* Release */,
			);
			defaultConfigurationIsVisible = 0;
			defaultConfigurationName = Release;
		};
		9D96FAD52ADA96B500C9E2BF /* Build configuration list for PBXNativeTarget "comp319a1Tests" */ = {
			isa = XCConfigurationList;
			buildConfigurations = (
				9D96FAD62ADA96B500C9E2BF /* Debug */,
				9D96FAD72ADA96B500C9E2BF /* Release */,
			);
			defaultConfigurationIsVisible = 0;
			defaultConfigurationName = Release;
		};
		9D96FAD82ADA96B500C9E2BF /* Build configuration list for PBXNativeTarget "comp319a1UITests" */ = {
			isa = XCConfigurationList;
			buildConfigurations = (
				9D96FAD92ADA96B500C9E2BF /* Debug */,
				9D96FADA2ADA96B500C9E2BF /* Release */,
			);
			defaultConfigurationIsVisible = 0;
			defaultConfigurationName = Release;
		};
/* End XCConfigurationList section */
	};
	rootObject = 9D96FAA62ADA96B100C9E2BF /* Project object */;
}
